
Microsoft Visual Studio Solution File, Format Version 12.00
# Visual Studio Version 16
VisualStudioVersion = 16.0.30611.23
MinimumVisualStudioVersion = 10.0.40219.1
Project("{FAE04EC0-301F-11D3-BF4B-00C04F79EFBC}") = "CSDL", "CSDL\CSDL.csproj", "{35295619-898C-4FCA-BC54-8BF48C96E9CB}"
EndProject
Project("{FAE04EC0-301F-11D3-BF4B-00C04F79EFBC}") = "ArraytoStack", "ArraytoStack\ArraytoStack.csproj", "{C57934F1-CCFB-490B-A73C-E730746F5D7C}"
EndProject
Project("{FAE04EC0-301F-11D3-BF4B-00C04F79EFBC}") = "CaThay", "CaThay\CaThay.csproj", "{FD6FE789-4A78-4429-A99D-7B576AE0FECE}"
EndProject
Project("{FAE04EC0-301F-11D3-BF4B-00C04F79EFBC}") = "Seaching", "Seaching\Seaching.csproj", "{C9BAB9C5-C409-42D0-9245-E92E4F8793F7}"
EndProject
Project("{FAE04EC0-301F-11D3-BF4B-00C04F79EFBC}") = "Sorting", "Sorting\Sorting.csproj", "{CEA8E09D-A822-48BE-A976-BAF9D8B098C2}"
EndProject
Project("{FAE04EC0-301F-11D3-BF4B-00C04F79EFBC}") = "Treeee", "Treeee\Treeee.csproj", "{A2FA0C2C-F85A-4D2F-822D-F3F4062EFB53}"
EndProject
Global
	GlobalSection(SolutionConfigurationPlatforms) = preSolution
		Debug|Any CPU = Debug|Any CPU
		Release|Any CPU = Release|Any CPU
	EndGlobalSection
	GlobalSection(ProjectConfigurationPlatforms) = postSolution
		{35295619-898C-4FCA-BC54-8BF48C96E9CB}.Debug|Any CPU.ActiveCfg = Debug|Any CPU
		{35295619-898C-4FCA-BC54-8BF48C96E9CB}.Debug|Any CPU.Build.0 = Debug|Any CPU
		{35295619-898C-4FCA-BC54-8BF48C96E9CB}.Release|Any CPU.ActiveCfg = Release|Any CPU
		{35295619-898C-4FCA-BC54-8BF48C96E9CB}.Release|Any CPU.Build.0 = Release|Any CPU
		{C57934F1-CCFB-490B-A73C-E730746F5D7C}.Debug|Any CPU.ActiveCfg = Debug|Any CPU
		{C57934F1-CCFB-490B-A73C-E730746F5D7C}.Debug|Any CPU.Build.0 = Debug|Any CPU
		{C57934F1-CCFB-490B-A73C-E730746F5D7C}.Release|Any CPU.ActiveCfg = Release|Any CPU
		{C57934F1-CCFB-490B-A73C-E730746F5D7C}.Release|Any CPU.Build.0 = Release|Any CPU
		{FD6FE789-4A78-4429-A99D-7B576AE0FECE}.Debug|Any CPU.ActiveCfg = Debug|Any CPU
		{FD6FE789-4A78-4429-A99D-7B576AE0FECE}.Debug|Any CPU.Build.0 = Debug|Any CPU
		{FD6FE789-4A78-4429-A99D-7B576AE0FECE}.Release|Any CPU.ActiveCfg = Release|Any CPU
		{FD6FE789-4A78-4429-A99D-7B576AE0FECE}.Release|Any CPU.Build.0 = Release|Any CPU
		{C9BAB9C5-C409-42D0-9245-E92E4F8793F7}.Debug|Any CPU.ActiveCfg = Debug|Any CPU
		{C9BAB9C5-C409-42D0-9245-E92E4F8793F7}.Debug|Any CPU.Build.0 = Debug|Any CPU
		{C9BAB9C5-C409-42D0-9245-E92E4F8793F7}.Release|Any CPU.ActiveCfg = Release|Any CPU
		{C9BAB9C5-C409-42D0-9245-E92E4F8793F7}.Release|Any CPU.Build.0 = Release|Any CPU
		{CEA8E09D-A822-48BE-A976-BAF9D8B098C2}.Debug|Any CPU.ActiveCfg = Debug|Any CPU
		{CEA8E09D-A822-48BE-A976-BAF9D8B098C2}.Debug|Any CPU.Build.0 = Debug|Any CPU
		{CEA8E09D-A822-48BE-A976-BAF9D8B098C2}.Release|Any CPU.ActiveCfg = Release|Any CPU
		{CEA8E09D-A822-48BE-A976-BAF9D8B098C2}.Release|Any CPU.Build.0 = Release|Any CPU
		{A2FA0C2C-F85A-4D2F-822D-F3F4062EFB53}.Debug|Any CPU.ActiveCfg = Debug|Any CPU
		{A2FA0C2C-F85A-4D2F-822D-F3F4062EFB53}.Debug|Any CPU.Build.0 = Debug|Any CPU
		{A2FA0C2C-F85A-4D2F-822D-F3F4062EFB53}.Release|Any CPU.ActiveCfg = Release|Any CPU
		{A2FA0C2C-F85A-4D2F-822D-F3F4062EFB53}.Release|Any CPU.Build.0 = Release|Any CPU
	EndGlobalSection
	GlobalSection(SolutionProperties) = preSolution
		HideSolutionNode = FALSE
	EndGlobalSection
	GlobalSection(ExtensibilityGlobals) = postSolution
		SolutionGuid = {D023DA9C-58FE-4E6E-B63E-E5EB6938AA04}
	EndGlobalSection
EndGlobal
