
Microsoft Visual Studio Solution File, Format Version 12.00
# Visual Studio Version 16
VisualStudioVersion = 16.0.30611.23
MinimumVisualStudioVersion = 10.0.40219.1
Project("{FAE04EC0-301F-11D3-BF4B-00C04F79EFBC}") = "Phan2", "Phan2\Phan2.csproj", "{00D7AF7B-6C0F-4A72-ADD6-70A944CD6A65}"
EndProject
Global
	GlobalSection(SolutionConfigurationPlatforms) = preSolution
		Debug|Any CPU = Debug|Any CPU
		Release|Any CPU = Release|Any CPU
	EndGlobalSection
	GlobalSection(ProjectConfigurationPlatforms) = postSolution
		{00D7AF7B-6C0F-4A72-ADD6-70A944CD6A65}.Debug|Any CPU.ActiveCfg = Debug|Any CPU
		{00D7AF7B-6C0F-4A72-ADD6-70A944CD6A65}.Debug|Any CPU.Build.0 = Debug|Any CPU
		{00D7AF7B-6C0F-4A72-ADD6-70A944CD6A65}.Release|Any CPU.ActiveCfg = Release|Any CPU
		{00D7AF7B-6C0F-4A72-ADD6-70A944CD6A65}.Release|Any CPU.Build.0 = Release|Any CPU
	EndGlobalSection
	GlobalSection(SolutionProperties) = preSolution
		HideSolutionNode = FALSE
	EndGlobalSection
	GlobalSection(ExtensibilityGlobals) = postSolution
		SolutionGuid = {3748518D-3797-463F-AC8E-6939A0CB4E6D}
	EndGlobalSection
EndGlobal
